// !$*UTF8*$!
{
	archiveVersion = 1;
	classes = {
	};
	objectVersion = 46;
	objects = {

/* Begin PBXBuildFile section */
		1E100FEA1E67E0E500C3A1B9 /* main.m in Sources */ = {isa = PBXBuildFile; fileRef = 1E100FE91E67E0E500C3A1B9 /* main.m */; };
		1E100FED1E67E0E500C3A1B9 /* AppDelegate.m in Sources */ = {isa = PBXBuildFile; fileRef = 1E100FEC1E67E0E500C3A1B9 /* AppDelegate.m */; };
		1E100FF01E67E0E500C3A1B9 /* ViewController.m in Sources */ = {isa = PBXBuildFile; fileRef = 1E100FEF1E67E0E500C3A1B9 /* ViewController.m */; };
		1E100FF31E67E0E500C3A1B9 /* Main.storyboard in Resources */ = {isa = PBXBuildFile; fileRef = 1E100FF11E67E0E500C3A1B9 /* Main.storyboard */; };
		1E100FF51E67E0E500C3A1B9 /* Assets.xcassets in Resources */ = {isa = PBXBuildFile; fileRef = 1E100FF41E67E0E500C3A1B9 /* Assets.xcassets */; };
		1E100FF81E67E0E500C3A1B9 /* LaunchScreen.storyboard in Resources */ = {isa = PBXBuildFile; fileRef = 1E100FF61E67E0E500C3A1B9 /* LaunchScreen.storyboard */; };
		1E1010031E67E0E500C3A1B9 /* XCCountdownButtonExampleTests.m in Sources */ = {isa = PBXBuildFile; fileRef = 1E1010021E67E0E500C3A1B9 /* XCCountdownButtonExampleTests.m */; };
		1E10100E1E67E0E500C3A1B9 /* XCCountdownButtonExampleUITests.m in Sources */ = {isa = PBXBuildFile; fileRef = 1E10100D1E67E0E500C3A1B9 /* XCCountdownButtonExampleUITests.m */; };
		1E10101E1E67E14E00C3A1B9 /* XCCountdownButton.m in Sources */ = {isa = PBXBuildFile; fileRef = 1E10101D1E67E14E00C3A1B9 /* XCCountdownButton.m */; };
/* End PBXBuildFile section */

/* Begin PBXContainerItemProxy section */
		1E100FFF1E67E0E500C3A1B9 /* PBXContainerItemProxy */ = {
			isa = PBXContainerItemProxy;
			containerPortal = 1E100FDD1E67E0E500C3A1B9 /* Project object */;
			proxyType = 1;
			remoteGlobalIDString = 1E100FE41E67E0E500C3A1B9;
			remoteInfo = XCCountdownButtonExample;
		};
		1E10100A1E67E0E500C3A1B9 /* PBXContainerItemProxy */ = {
			isa = PBXContainerItemProxy;
			containerPortal = 1E100FDD1E67E0E500C3A1B9 /* Project object */;
			proxyType = 1;
			remoteGlobalIDString = 1E100FE41E67E0E500C3A1B9;
			remoteInfo = XCCountdownButtonExample;
		};
/* End PBXContainerItemProxy section */

/* Begin PBXFileReference section */
		1E100FE51E67E0E500C3A1B9 /* XCCountdownButtonExample.app */ = {isa = PBXFileReference; explicitFileType = wrapper.application; includeInIndex = 0; path = XCCountdownButtonExample.app; sourceTree = BUILT_PRODUCTS_DIR; };
		1E100FE91E67E0E500C3A1B9 /* main.m */ = {isa = PBXFileReference; lastKnownFileType = sourcecode.c.objc; path = main.m; sourceTree = "<group>"; };
		1E100FEB1E67E0E500C3A1B9 /* AppDelegate.h */ = {isa = PBXFileReference; lastKnownFileType = sourcecode.c.h; path = AppDelegate.h; sourceTree = "<group>"; };
		1E100FEC1E67E0E500C3A1B9 /* AppDelegate.m */ = {isa = PBXFileReference; lastKnownFileType = sourcecode.c.objc; path = AppDelegate.m; sourceTree = "<group>"; };
		1E100FEE1E67E0E500C3A1B9 /* ViewController.h */ = {isa = PBXFileReference; lastKnownFileType = sourcecode.c.h; path = ViewController.h; sourceTree = "<group>"; };
		1E100FEF1E67E0E500C3A1B9 /* ViewController.m */ = {isa = PBXFileReference; lastKnownFileType = sourcecode.c.objc; path = ViewController.m; sourceTree = "<group>"; };
		1E100FF21E67E0E500C3A1B9 /* Base */ = {isa = PBXFileReference; lastKnownFileType = file.storyboard; name = Base; path = Base.lproj/Main.storyboard; sourceTree = "<group>"; };
		1E100FF41E67E0E500C3A1B9 /* Assets.xcassets */ = {isa = PBXFileReference; lastKnownFileType = folder.assetcatalog; path = Assets.xcassets; sourceTree = "<group>"; };
		1E100FF71E67E0E500C3A1B9 /* Base */ = {isa = PBXFileReference; lastKnownFileType = file.storyboard; name = Base; path = Base.lproj/LaunchScreen.storyboard; sourceTree = "<group>"; };
		1E100FF91E67E0E500C3A1B9 /* Info.plist */ = {isa = PBXFileReference; lastKnownFileType = text.plist.xml; path = Info.plist; sourceTree = "<group>"; };
		1E100FFE1E67E0E500C3A1B9 /* XCCountdownButtonExampleTests.xctest */ = {isa = PBXFileReference; explicitFileType = wrapper.cfbundle; includeInIndex = 0; path = XCCountdownButtonExampleTests.xctest; sourceTree = BUILT_PRODUCTS_DIR; };
		1E1010021E67E0E500C3A1B9 /* XCCountdownButtonExampleTests.m */ = {isa = PBXFileReference; lastKnownFileType = sourcecode.c.objc; path = XCCountdownButtonExampleTests.m; sourceTree = "<group>"; };
		1E1010041E67E0E500C3A1B9 /* Info.plist */ = {isa = PBXFileReference; lastKnownFileType = text.plist.xml; path = Info.plist; sourceTree = "<group>"; };
		1E1010091E67E0E500C3A1B9 /* XCCountdownButtonExampleUITests.xctest */ = {isa = PBXFileReference; explicitFileType = wrapper.cfbundle; includeInIndex = 0; path = XCCountdownButtonExampleUITests.xctest; sourceTree = BUILT_PRODUCTS_DIR; };
		1E10100D1E67E0E500C3A1B9 /* XCCountdownButtonExampleUITests.m */ = {isa = PBXFileReference; lastKnownFileType = sourcecode.c.objc; path = XCCountdownButtonExampleUITests.m; sourceTree = "<group>"; };
		1E10100F1E67E0E500C3A1B9 /* Info.plist */ = {isa = PBXFileReference; lastKnownFileType = text.plist.xml; path = Info.plist; sourceTree = "<group>"; };
		1E10101C1E67E14E00C3A1B9 /* XCCountdownButton.h */ = {isa = PBXFileReference; fileEncoding = 4; lastKnownFileType = sourcecode.c.h; path = XCCountdownButton.h; sourceTree = "<group>"; };
		1E10101D1E67E14E00C3A1B9 /* XCCountdownButton.m */ = {isa = PBXFileReference; fileEncoding = 4; lastKnownFileType = sourcecode.c.objc; path = XCCountdownButton.m; sourceTree = "<group>"; };
/* End PBXFileReference section */

/* Begin PBXFrameworksBuildPhase section */
		1E100FE21E67E0E500C3A1B9 /* Frameworks */ = {
			isa = PBXFrameworksBuildPhase;
			buildActionMask = 2147483647;
			files = (
			);
			runOnlyForDeploymentPostprocessing = 0;
		};
		1E100FFB1E67E0E500C3A1B9 /* Frameworks */ = {
			isa = PBXFrameworksBuildPhase;
			buildActionMask = 2147483647;
			files = (
			);
			runOnlyForDeploymentPostprocessing = 0;
		};
		1E1010061E67E0E500C3A1B9 /* Frameworks */ = {
			isa = PBXFrameworksBuildPhase;
			buildActionMask = 2147483647;
			files = (
			);
			runOnlyForDeploymentPostprocessing = 0;
		};
/* End PBXFrameworksBuildPhase section */

/* Begin PBXGroup section */
		1E100FDC1E67E0E500C3A1B9 = {
			isa = PBXGroup;
			children = (
				1E10101B1E67E14E00C3A1B9 /* XCCountdownButton */,
				1E100FE71E67E0E500C3A1B9 /* XCCountdownButtonExample */,
				1E1010011E67E0E500C3A1B9 /* XCCountdownButtonExampleTests */,
				1E10100C1E67E0E500C3A1B9 /* XCCountdownButtonExampleUITests */,
				1E100FE61E67E0E500C3A1B9 /* Products */,
			);
			sourceTree = "<group>";
		};
		1E100FE61E67E0E500C3A1B9 /* Products */ = {
			isa = PBXGroup;
			children = (
				1E100FE51E67E0E500C3A1B9 /* XCCountdownButtonExample.app */,
				1E100FFE1E67E0E500C3A1B9 /* XCCountdownButtonExampleTests.xctest */,
				1E1010091E67E0E500C3A1B9 /* XCCountdownButtonExampleUITests.xctest */,
			);
			name = Products;
			sourceTree = "<group>";
		};
		1E100FE71E67E0E500C3A1B9 /* XCCountdownButtonExample */ = {
			isa = PBXGroup;
			children = (
				1E100FEB1E67E0E500C3A1B9 /* AppDelegate.h */,
				1E100FEC1E67E0E500C3A1B9 /* AppDelegate.m */,
				1E100FEE1E67E0E500C3A1B9 /* ViewController.h */,
				1E100FEF1E67E0E500C3A1B9 /* ViewController.m */,
				1E100FF11E67E0E500C3A1B9 /* Main.storyboard */,
				1E100FF41E67E0E500C3A1B9 /* Assets.xcassets */,
				1E100FF61E67E0E500C3A1B9 /* LaunchScreen.storyboard */,
				1E100FF91E67E0E500C3A1B9 /* Info.plist */,
				1E100FE81E67E0E500C3A1B9 /* Supporting Files */,
			);
			path = XCCountdownButtonExample;
			sourceTree = "<group>";
		};
		1E100FE81E67E0E500C3A1B9 /* Supporting Files */ = {
			isa = PBXGroup;
			children = (
				1E100FE91E67E0E500C3A1B9 /* main.m */,
			);
			name = "Supporting Files";
			sourceTree = "<group>";
		};
		1E1010011E67E0E500C3A1B9 /* XCCountdownButtonExampleTests */ = {
			isa = PBXGroup;
			children = (
				1E1010021E67E0E500C3A1B9 /* XCCountdownButtonExampleTests.m */,
				1E1010041E67E0E500C3A1B9 /* Info.plist */,
			);
			path = XCCountdownButtonExampleTests;
			sourceTree = "<group>";
		};
		1E10100C1E67E0E500C3A1B9 /* XCCountdownButtonExampleUITests */ = {
			isa = PBXGroup;
			children = (
				1E10100D1E67E0E500C3A1B9 /* XCCountdownButtonExampleUITests.m */,
				1E10100F1E67E0E500C3A1B9 /* Info.plist */,
			);
			path = XCCountdownButtonExampleUITests;
			sourceTree = "<group>";
		};
		1E10101B1E67E14E00C3A1B9 /* XCCountdownButton */ = {
			isa = PBXGroup;
			children = (
				1E10101C1E67E14E00C3A1B9 /* XCCountdownButton.h */,
				1E10101D1E67E14E00C3A1B9 /* XCCountdownButton.m */,
			);
			path = XCCountdownButton;
			sourceTree = "<group>";
		};
/* End PBXGroup section */

/* Begin PBXNativeTarget section */
		1E100FE41E67E0E500C3A1B9 /* XCCountdownButtonExample */ = {
			isa = PBXNativeTarget;
			buildConfigurationList = 1E1010121E67E0E500C3A1B9 /* Build configuration list for PBXNativeTarget "XCCountdownButtonExample" */;
			buildPhases = (
				1E100FE11E67E0E500C3A1B9 /* Sources */,
				1E100FE21E67E0E500C3A1B9 /* Frameworks */,
				1E100FE31E67E0E500C3A1B9 /* Resources */,
			);
			buildRules = (
			);
			dependencies = (
			);
			name = XCCountdownButtonExample;
			productName = XCCountdownButtonExample;
			productReference = 1E100FE51E67E0E500C3A1B9 /* XCCountdownButtonExample.app */;
			productType = "com.apple.product-type.application";
		};
		1E100FFD1E67E0E500C3A1B9 /* XCCountdownButtonExampleTests */ = {
			isa = PBXNativeTarget;
			buildConfigurationList = 1E1010151E67E0E500C3A1B9 /* Build configuration list for PBXNativeTarget "XCCountdownButtonExampleTests" */;
			buildPhases = (
				1E100FFA1E67E0E500C3A1B9 /* Sources */,
				1E100FFB1E67E0E500C3A1B9 /* Frameworks */,
				1E100FFC1E67E0E500C3A1B9 /* Resources */,
			);
			buildRules = (
			);
			dependencies = (
				1E1010001E67E0E500C3A1B9 /* PBXTargetDependency */,
			);
			name = XCCountdownButtonExampleTests;
			productName = XCCountdownButtonExampleTests;
			productReference = 1E100FFE1E67E0E500C3A1B9 /* XCCountdownButtonExampleTests.xctest */;
			productType = "com.apple.product-type.bundle.unit-test";
		};
		1E1010081E67E0E500C3A1B9 /* XCCountdownButtonExampleUITests */ = {
			isa = PBXNativeTarget;
			buildConfigurationList = 1E1010181E67E0E500C3A1B9 /* Build configuration list for PBXNativeTarget "XCCountdownButtonExampleUITests" */;
			buildPhases = (
				1E1010051E67E0E500C3A1B9 /* Sources */,
				1E1010061E67E0E500C3A1B9 /* Frameworks */,
				1E1010071E67E0E500C3A1B9 /* Resources */,
			);
			buildRules = (
			);
			dependencies = (
				1E10100B1E67E0E500C3A1B9 /* PBXTargetDependency */,
			);
			name = XCCountdownButtonExampleUITests;
			productName = XCCountdownButtonExampleUITests;
			productReference = 1E1010091E67E0E500C3A1B9 /* XCCountdownButtonExampleUITests.xctest */;
			productType = "com.apple.product-type.bundle.ui-testing";
		};
/* End PBXNativeTarget section */

/* Begin PBXProject section */
		1E100FDD1E67E0E500C3A1B9 /* Project object */ = {
			isa = PBXProject;
			attributes = {
				LastUpgradeCheck = 0810;
				ORGANIZATIONNAME = "樊小聪";
				TargetAttributes = {
					1E100FE41E67E0E500C3A1B9 = {
						CreatedOnToolsVersion = 8.1;
						ProvisioningStyle = Automatic;
					};
					1E100FFD1E67E0E500C3A1B9 = {
						CreatedOnToolsVersion = 8.1;
						ProvisioningStyle = Automatic;
						TestTargetID = 1E100FE41E67E0E500C3A1B9;
					};
					1E1010081E67E0E500C3A1B9 = {
						CreatedOnToolsVersion = 8.1;
						ProvisioningStyle = Automatic;
						TestTargetID = 1E100FE41E67E0E500C3A1B9;
					};
				};
			};
			buildConfigurationList = 1E100FE01E67E0E500C3A1B9 /* Build configuration list for PBXProject "XCCountdownButtonExample" */;
			compatibilityVersion = "Xcode 3.2";
			developmentRegion = English;
			hasScannedForEncodings = 0;
			knownRegions = (
				en,
				Base,
			);
			mainGroup = 1E100FDC1E67E0E500C3A1B9;
			productRefGroup = 1E100FE61E67E0E500C3A1B9 /* Products */;
			projectDirPath = "";
			projectRoot = "";
			targets = (
				1E100FE41E67E0E500C3A1B9 /* XCCountdownButtonExample */,
				1E100FFD1E67E0E500C3A1B9 /* XCCountdownButtonExampleTests */,
				1E1010081E67E0E500C3A1B9 /* XCCountdownButtonExampleUITests */,
			);
		};
/* End PBXProject section */

/* Begin PBXResourcesBuildPhase section */
		1E100FE31E67E0E500C3A1B9 /* Resources */ = {
			isa = PBXResourcesBuildPhase;
			buildActionMask = 2147483647;
			files = (
				1E100FF81E67E0E500C3A1B9 /* LaunchScreen.storyboard in Resources */,
				1E100FF51E67E0E500C3A1B9 /* Assets.xcassets in Resources */,
				1E100FF31E67E0E500C3A1B9 /* Main.storyboard in Resources */,
			);
			runOnlyForDeploymentPostprocessing = 0;
		};
		1E100FFC1E67E0E500C3A1B9 /* Resources */ = {
			isa = PBXResourcesBuildPhase;
			buildActionMask = 2147483647;
			files = (
			);
			runOnlyForDeploymentPostprocessing = 0;
		};
		1E1010071E67E0E500C3A1B9 /* Resources */ = {
			isa = PBXResourcesBuildPhase;
			buildActionMask = 2147483647;
			files = (
			);
			runOnlyForDeploymentPostprocessing = 0;
		};
/* End PBXResourcesBuildPhase section */

/* Begin PBXSourcesBuildPhase section */
		1E100FE11E67E0E500C3A1B9 /* Sources */ = {
			isa = PBXSourcesBuildPhase;
			buildActionMask = 2147483647;
			files = (
				1E100FF01E67E0E500C3A1B9 /* ViewController.m in Sources */,
				1E100FED1E67E0E500C3A1B9 /* AppDelegate.m in Sources */,
				1E10101E1E67E14E00C3A1B9 /* XCCountdownButton.m in Sources */,
				1E100FEA1E67E0E500C3A1B9 /* main.m in Sources */,
			);
			runOnlyForDeploymentPostprocessing = 0;
		};
		1E100FFA1E67E0E500C3A1B9 /* Sources */ = {
			isa = PBXSourcesBuildPhase;
			buildActionMask = 2147483647;
			files = (
				1E1010031E67E0E500C3A1B9 /* XCCountdownButtonExampleTests.m in Sources */,
			);
			runOnlyForDeploymentPostprocessing = 0;
		};
		1E1010051E67E0E500C3A1B9 /* Sources */ = {
			isa = PBXSourcesBuildPhase;
			buildActionMask = 2147483647;
			files = (
				1E10100E1E67E0E500C3A1B9 /* XCCountdownButtonExampleUITests.m in Sources */,
			);
			runOnlyForDeploymentPostprocessing = 0;
		};
/* End PBXSourcesBuildPhase section */

/* Begin PBXTargetDependency section */
		1E1010001E67E0E500C3A1B9 /* PBXTargetDependency */ = {
			isa = PBXTargetDependency;
			target = 1E100FE41E67E0E500C3A1B9 /* XCCountdownButtonExample */;
			targetProxy = 1E100FFF1E67E0E500C3A1B9 /* PBXContainerItemProxy */;
		};
		1E10100B1E67E0E500C3A1B9 /* PBXTargetDependency */ = {
			isa = PBXTargetDependency;
			target = 1E100FE41E67E0E500C3A1B9 /* XCCountdownButtonExample */;
			targetProxy = 1E10100A1E67E0E500C3A1B9 /* PBXContainerItemProxy */;
		};
/* End PBXTargetDependency section */

/* Begin PBXVariantGroup section */
		1E100FF11E67E0E500C3A1B9 /* Main.storyboard */ = {
			isa = PBXVariantGroup;
			children = (
				1E100FF21E67E0E500C3A1B9 /* Base */,
			);
			name = Main.storyboard;
			sourceTree = "<group>";
		};
		1E100FF61E67E0E500C3A1B9 /* LaunchScreen.storyboard */ = {
			isa = PBXVariantGroup;
			children = (
				1E100FF71E67E0E500C3A1B9 /* Base */,
			);
			name = LaunchScreen.storyboard;
			sourceTree = "<group>";
		};
/* End PBXVariantGroup section */

/* Begin XCBuildConfiguration section */
		1E1010101E67E0E500C3A1B9 /* Debug */ = {
			isa = XCBuildConfiguration;
			buildSettings = {
				ALWAYS_SEARCH_USER_PATHS = NO;
				CLANG_ANALYZER_NONNULL = YES;
				CLANG_CXX_LANGUAGE_STANDARD = "gnu++0x";
				CLANG_CXX_LIBRARY = "libc++";
				CLANG_ENABLE_MODULES = YES;
				CLANG_ENABLE_OBJC_ARC = YES;
				CLANG_WARN_BOOL_CONVERSION = YES;
				CLANG_WARN_CONSTANT_CONVERSION = YES;
				CLANG_WARN_DIRECT_OBJC_ISA_USAGE = YES_ERROR;
				CLANG_WARN_DOCUMENTATION_COMMENTS = YES;
				CLANG_WARN_EMPTY_BODY = YES;
				CLANG_WARN_ENUM_CONVERSION = YES;
				CLANG_WARN_INFINITE_RECURSION = YES;
				CLANG_WARN_INT_CONVERSION = YES;
				CLANG_WARN_OBJC_ROOT_CLASS = YES_ERROR;
				CLANG_WARN_SUSPICIOUS_MOVES = YES;
				CLANG_WARN_UNREACHABLE_CODE = YES;
				CLANG_WARN__DUPLICATE_METHOD_MATCH = YES;
				"CODE_SIGN_IDENTITY[sdk=iphoneos*]" = "iPhone Developer";
				COPY_PHASE_STRIP = NO;
				DEBUG_INFORMATION_FORMAT = dwarf;
				ENABLE_STRICT_OBJC_MSGSEND = YES;
				ENABLE_TESTABILITY = YES;
				GCC_C_LANGUAGE_STANDARD = gnu99;
				GCC_DYNAMIC_NO_PIC = NO;
				GCC_NO_COMMON_BLOCKS = YES;
				GCC_OPTIMIZATION_LEVEL = 0;
				GCC_PREPROCESSOR_DEFINITIONS = (
					"DEBUG=1",
					"$(inherited)",
				);
				GCC_WARN_64_TO_32_BIT_CONVERSION = YES;
				GCC_WARN_ABOUT_RETURN_TYPE = YES_ERROR;
				GCC_WARN_UNDECLARED_SELECTOR = YES;
				GCC_WARN_UNINITIALIZED_AUTOS = YES_AGGRESSIVE;
				GCC_WARN_UNUSED_FUNCTION = YES;
				GCC_WARN_UNUSED_VARIABLE = YES;
				IPHONEOS_DEPLOYMENT_TARGET = 10.1;
				MTL_ENABLE_DEBUG_INFO = YES;
				ONLY_ACTIVE_ARCH = YES;
				SDKROOT = iphoneos;
			};
			name = Debug;
		};
		1E1010111E67E0E500C3A1B9 /* Release */ = {
			isa = XCBuildConfiguration;
			buildSettings = {
				ALWAYS_SEARCH_USER_PATHS = NO;
				CLANG_ANALYZER_NONNULL = YES;
				CLANG_CXX_LANGUAGE_STANDARD = "gnu++0x";
				CLANG_CXX_LIBRARY = "libc++";
				CLANG_ENABLE_MODULES = YES;
				CLANG_ENABLE_OBJC_ARC = YES;
				CLANG_WARN_BOOL_CONVERSION = YES;
				CLANG_WARN_CONSTANT_CONVERSION = YES;
				CLANG_WARN_DIRECT_OBJC_ISA_USAGE = YES_ERROR;
				CLANG_WARN_DOCUMENTATION_COMMENTS = YES;
				CLANG_WARN_EMPTY_BODY = YES;
				CLANG_WARN_ENUM_CONVERSION = YES;
				CLANG_WARN_INFINITE_RECURSION = YES;
				CLANG_WARN_INT_CONVERSION = YES;
				CLANG_WARN_OBJC_ROOT_CLASS = YES_ERROR;
				CLANG_WARN_SUSPICIOUS_MOVES = YES;
				CLANG_WARN_UNREACHABLE_CODE = YES;
				CLANG_WARN__DUPLICATE_METHOD_MATCH = YES;
				"CODE_SIGN_IDENTITY[sdk=iphoneos*]" = "iPhone Developer";
				COPY_PHASE_STRIP = NO;
				DEBUG_INFORMATION_FORMAT = "dwarf-with-dsym";
				ENABLE_NS_ASSERTIONS = NO;
				ENABLE_STRICT_OBJC_MSGSEND = YES;
				GCC_C_LANGUAGE_STANDARD = gnu99;
				GCC_NO_COMMON_BLOCKS = YES;
				GCC_WARN_64_TO_32_BIT_CONVERSION = YES;
				GCC_WARN_ABOUT_RETURN_TYPE = YES_ERROR;
				GCC_WARN_UNDECLARED_SELECTOR = YES;
				GCC_WARN_UNINITIALIZED_AUTOS = YES_AGGRESSIVE;
				GCC_WARN_UNUSED_FUNCTION = YES;
				GCC_WARN_UNUSED_VARIABLE = YES;
				IPHONEOS_DEPLOYMENT_TARGET = 10.1;
				MTL_ENABLE_DEBUG_INFO = NO;
				SDKROOT = iphoneos;
				VALIDATE_PRODUCT = YES;
			};
			name = Release;
		};
		1E1010131E67E0E500C3A1B9 /* Debug */ = {
			isa = XCBuildConfiguration;
			buildSettings = {
				ASSETCATALOG_COMPILER_APPICON_NAME = AppIcon;
				INFOPLIST_FILE = XCCountdownButtonExample/Info.plist;
				LD_RUNPATH_SEARCH_PATHS = "$(inherited) @executable_path/Frameworks";
				PRODUCT_BUNDLE_IDENTIFIER = ylh.XCCountdownButtonExample;
				PRODUCT_NAME = "$(TARGET_NAME)";
			};
			name = Debug;
		};
		1E1010141E67E0E500C3A1B9 /* Release */ = {
			isa = XCBuildConfiguration;
			buildSettings = {
				ASSETCATALOG_COMPILER_APPICON_NAME = AppIcon;
				INFOPLIST_FILE = XCCountdownButtonExample/Info.plist;
				LD_RUNPATH_SEARCH_PATHS = "$(inherited) @executable_path/Frameworks";
				PRODUCT_BUNDLE_IDENTIFIER = ylh.XCCountdownButtonExample;
				PRODUCT_NAME = "$(TARGET_NAME)";
			};
			name = Release;
		};
		1E1010161E67E0E500C3A1B9 /* Debug */ = {
			isa = XCBuildConfiguration;
			buildSettings = {
				BUNDLE_LOADER = "$(TEST_HOST)";
				INFOPLIST_FILE = XCCountdownButtonExampleTests/Info.plist;
				LD_RUNPATH_SEARCH_PATHS = "$(inherited) @executable_path/Frameworks @loader_path/Frameworks";
				PRODUCT_BUNDLE_IDENTIFIER = ylh.XCCountdownButtonExampleTests;
				PRODUCT_NAME = "$(TARGET_NAME)";
				TEST_HOST = "$(BUILT_PRODUCTS_DIR)/XCCountdownButtonExample.app/XCCountdownButtonExample";
			};
			name = Debug;
		};
		1E1010171E67E0E500C3A1B9 /* Release */ = {
			isa = XCBuildConfiguration;
			buildSettings = {
				BUNDLE_LOADER = "$(TEST_HOST)";
				INFOPLIST_FILE = XCCountdownButtonExampleTests/Info.plist;
				LD_RUNPATH_SEARCH_PATHS = "$(inherited) @executable_path/Frameworks @loader_path/Frameworks";
				PRODUCT_BUNDLE_IDENTIFIER = ylh.XCCountdownButtonExampleTests;
				PRODUCT_NAME = "$(TARGET_NAME)";
				TEST_HOST = "$(BUILT_PRODUCTS_DIR)/XCCountdownButtonExample.app/XCCountdownButtonExample";
			};
			name = Release;
		};
		1E1010191E67E0E500C3A1B9 /* Debug */ = {
			isa = XCBuildConfiguration;
			buildSettings = {
				INFOPLIST_FILE = XCCountdownButtonExampleUITests/Info.plist;
				LD_RUNPATH_SEARCH_PATHS = "$(inherited) @executable_path/Frameworks @loader_path/Frameworks";
				PRODUCT_BUNDLE_IDENTIFIER = ylh.XCCountdownButtonExampleUITests;
				PRODUCT_NAME = "$(TARGET_NAME)";
				TEST_TARGET_NAME = XCCountdownButtonExample;
			};
			name = Debug;
		};
		1E10101A1E67E0E500C3A1B9 /* Release */ = {
			isa = XCBuildConfiguration;
			buildSettings = {
				INFOPLIST_FILE = XCCountdownButtonExampleUITests/Info.plist;
				LD_RUNPATH_SEARCH_PATHS = "$(inherited) @executable_path/Frameworks @loader_path/Frameworks";
				PRODUCT_BUNDLE_IDENTIFIER = ylh.XCCountdownButtonExampleUITests;
				PRODUCT_NAME = "$(TARGET_NAME)";
				TEST_TARGET_NAME = XCCountdownButtonExample;
			};
			name = Release;
		};
/* End XCBuildConfiguration section */

/* Begin XCConfigurationList section */
		1E100FE01E67E0E500C3A1B9 /* Build configuration list for PBXProject "XCCountdownButtonExample" */ = {
			isa = XCConfigurationList;
			buildConfigurations = (
				1E1010101E67E0E500C3A1B9 /* Debug */,
				1E1010111E67E0E500C3A1B9 /* Release */,
			);
			defaultConfigurationIsVisible = 0;
			defaultConfigurationName = Release;
		};
		1E1010121E67E0E500C3A1B9 /* Build configuration list for PBXNativeTarget "XCCountdownButtonExample" */ = {
			isa = XCConfigurationList;
			buildConfigurations = (
				1E1010131E67E0E500C3A1B9 /* Debug */,
				1E1010141E67E0E500C3A1B9 /* Release */,
			);
			defaultConfigurationIsVisible = 0;
			defaultConfigurationName = Release;
		};
		1E1010151E67E0E500C3A1B9 /* Build configuration list for PBXNativeTarget "XCCountdownButtonExampleTests" */ = {
			isa = XCConfigurationList;
			buildConfigurations = (
				1E1010161E67E0E500C3A1B9 /* Debug */,
				1E1010171E67E0E500C3A1B9 /* Release */,
			);
			defaultConfigurationIsVisible = 0;
			defaultConfigurationName = Release;
		};
		1E1010181E67E0E500C3A1B9 /* Build configuration list for PBXNativeTarget "XCCountdownButtonExampleUITests" */ = {
			isa = XCConfigurationList;
			buildConfigurations = (
				1E1010191E67E0E500C3A1B9 /* Debug */,
				1E10101A1E67E0E500C3A1B9 /* Release */,
			);
			defaultConfigurationIsVisible = 0;
			defaultConfigurationName = Release;
		};
/* End XCConfigurationList section */
	};
	rootObject = 1E100FDD1E67E0E500C3A1B9 /* Project object */;
}
